// !$*UTF8*$!
{
	archiveVersion = 1;
	classes = {
	};
	objectVersion = 50;
	objects = {

/* Begin PBXBuildFile section */
		841E4F1E223275E60085A486 /* FriendViewController.swift in Sources */ = {isa = PBXBuildFile; fileRef = 841E4F1D223275E60085A486 /* FriendViewController.swift */; };
		841E4F20223277480085A486 /* FriendTableViewCell.swift in Sources */ = {isa = PBXBuildFile; fileRef = 841E4F1F223277480085A486 /* FriendTableViewCell.swift */; };
		841E4F232232E2C20085A486 /* PhotoViewController.swift in Sources */ = {isa = PBXBuildFile; fileRef = 841E4F222232E2C20085A486 /* PhotoViewController.swift */; };
		841E4F252232E3020085A486 /* PhotoCollectionViewCell.swift in Sources */ = {isa = PBXBuildFile; fileRef = 841E4F242232E3020085A486 /* PhotoCollectionViewCell.swift */; };
		84F9F6DB2229A30C000527D6 /* AppDelegate.swift in Sources */ = {isa = PBXBuildFile; fileRef = 84F9F6DA2229A30C000527D6 /* AppDelegate.swift */; };
		84F9F6E02229A30C000527D6 /* Main.storyboard in Resources */ = {isa = PBXBuildFile; fileRef = 84F9F6DE2229A30C000527D6 /* Main.storyboard */; };
		84F9F6E22229A30D000527D6 /* Assets.xcassets in Resources */ = {isa = PBXBuildFile; fileRef = 84F9F6E12229A30D000527D6 /* Assets.xcassets */; };
		84F9F6E52229A30D000527D6 /* LaunchScreen.storyboard in Resources */ = {isa = PBXBuildFile; fileRef = 84F9F6E32229A30D000527D6 /* LaunchScreen.storyboard */; };
		84F9F6ED2229A326000527D6 /* LoginViewController.swift in Sources */ = {isa = PBXBuildFile; fileRef = 84F9F6EC2229A326000527D6 /* LoginViewController.swift */; };
		84F9F72D22311433000527D6 /* GroupViewController.swift in Sources */ = {isa = PBXBuildFile; fileRef = 84F9F72C22311433000527D6 /* GroupViewController.swift */; };
		84F9F72F22311CC5000527D6 /* GroupTableViewCell.swift in Sources */ = {isa = PBXBuildFile; fileRef = 84F9F72E22311CC5000527D6 /* GroupTableViewCell.swift */; };
		84F9F734223129B7000527D6 /* AllGroupViewController.swift in Sources */ = {isa = PBXBuildFile; fileRef = 84F9F733223129B7000527D6 /* AllGroupViewController.swift */; };
		84F9F73622312A00000527D6 /* AllGroupViewCell.swift in Sources */ = {isa = PBXBuildFile; fileRef = 84F9F73522312A00000527D6 /* AllGroupViewCell.swift */; };
/* End PBXBuildFile section */

/* Begin PBXFileReference section */
		841E4F1D223275E60085A486 /* FriendViewController.swift */ = {isa = PBXFileReference; lastKnownFileType = sourcecode.swift; path = FriendViewController.swift; sourceTree = "<group>"; };
		841E4F1F223277480085A486 /* FriendTableViewCell.swift */ = {isa = PBXFileReference; lastKnownFileType = sourcecode.swift; path = FriendTableViewCell.swift; sourceTree = "<group>"; };
		841E4F222232E2C20085A486 /* PhotoViewController.swift */ = {isa = PBXFileReference; lastKnownFileType = sourcecode.swift; path = PhotoViewController.swift; sourceTree = "<group>"; };
		841E4F242232E3020085A486 /* PhotoCollectionViewCell.swift */ = {isa = PBXFileReference; lastKnownFileType = sourcecode.swift; path = PhotoCollectionViewCell.swift; sourceTree = "<group>"; };
		84F9F6D72229A30C000527D6 /* Weather.app */ = {isa = PBXFileReference; explicitFileType = wrapper.application; includeInIndex = 0; path = Weather.app; sourceTree = BUILT_PRODUCTS_DIR; };
		84F9F6DA2229A30C000527D6 /* AppDelegate.swift */ = {isa = PBXFileReference; lastKnownFileType = sourcecode.swift; path = AppDelegate.swift; sourceTree = "<group>"; };
		84F9F6DF2229A30C000527D6 /* Base */ = {isa = PBXFileReference; lastKnownFileType = file.storyboard; name = Base; path = Base.lproj/Main.storyboard; sourceTree = "<group>"; };
		84F9F6E12229A30D000527D6 /* Assets.xcassets */ = {isa = PBXFileReference; lastKnownFileType = folder.assetcatalog; path = Assets.xcassets; sourceTree = "<group>"; };
		84F9F6E42229A30D000527D6 /* Base */ = {isa = PBXFileReference; lastKnownFileType = file.storyboard; name = Base; path = Base.lproj/LaunchScreen.storyboard; sourceTree = "<group>"; };
		84F9F6E62229A30D000527D6 /* Info.plist */ = {isa = PBXFileReference; lastKnownFileType = text.plist.xml; path = Info.plist; sourceTree = "<group>"; };
		84F9F6EC2229A326000527D6 /* LoginViewController.swift */ = {isa = PBXFileReference; lastKnownFileType = sourcecode.swift; path = LoginViewController.swift; sourceTree = "<group>"; };
		84F9F72C22311433000527D6 /* GroupViewController.swift */ = {isa = PBXFileReference; lastKnownFileType = sourcecode.swift; path = GroupViewController.swift; sourceTree = "<group>"; };
		84F9F72E22311CC5000527D6 /* GroupTableViewCell.swift */ = {isa = PBXFileReference; lastKnownFileType = sourcecode.swift; path = GroupTableViewCell.swift; sourceTree = "<group>"; };
		84F9F733223129B7000527D6 /* AllGroupViewController.swift */ = {isa = PBXFileReference; lastKnownFileType = sourcecode.swift; path = AllGroupViewController.swift; sourceTree = "<group>"; };
		84F9F73522312A00000527D6 /* AllGroupViewCell.swift */ = {isa = PBXFileReference; lastKnownFileType = sourcecode.swift; path = AllGroupViewCell.swift; sourceTree = "<group>"; };
/* End PBXFileReference section */

/* Begin PBXFrameworksBuildPhase section */
		84F9F6D42229A30C000527D6 /* Frameworks */ = {
			isa = PBXFrameworksBuildPhase;
			buildActionMask = 2147483647;
			files = (
			);
			runOnlyForDeploymentPostprocessing = 0;
		};
/* End PBXFrameworksBuildPhase section */

/* Begin PBXGroup section */
		841E4F1C223275990085A486 /* Friend */ = {
			isa = PBXGroup;
			children = (
				841E4F1D223275E60085A486 /* FriendViewController.swift */,
				841E4F1F223277480085A486 /* FriendTableViewCell.swift */,
			);
			path = Friend;
			sourceTree = "<group>";
		};
		841E4F212232DFA40085A486 /* FotoFriend */ = {
			isa = PBXGroup;
			children = (
				841E4F222232E2C20085A486 /* PhotoViewController.swift */,
				841E4F242232E3020085A486 /* PhotoCollectionViewCell.swift */,
			);
			path = FotoFriend;
			sourceTree = "<group>";
		};
		84F9F6CE2229A30C000527D6 = {
			isa = PBXGroup;
			children = (
				84F9F6D92229A30C000527D6 /* Weather */,
				84F9F6D82229A30C000527D6 /* Products */,
			);
			sourceTree = "<group>";
		};
		84F9F6D82229A30C000527D6 /* Products */ = {
			isa = PBXGroup;
			children = (
				84F9F6D72229A30C000527D6 /* Weather.app */,
			);
			name = Products;
			sourceTree = "<group>";
		};
		84F9F6D92229A30C000527D6 /* Weather */ = {
			isa = PBXGroup;
			children = (
				841E4F212232DFA40085A486 /* FotoFriend */,
				841E4F1C223275990085A486 /* Friend */,
				84F9F7372231407C000527D6 /* Group */,
				84F9F730223128B2000527D6 /* AllGroup */,
				84F9F6DA2229A30C000527D6 /* AppDelegate.swift */,
				84F9F6EC2229A326000527D6 /* LoginViewController.swift */,
				84F9F6DE2229A30C000527D6 /* Main.storyboard */,
				84F9F6E12229A30D000527D6 /* Assets.xcassets */,
				84F9F6E32229A30D000527D6 /* LaunchScreen.storyboard */,
				84F9F6E62229A30D000527D6 /* Info.plist */,
			);
			path = Weather;
			sourceTree = "<group>";
		};
		84F9F730223128B2000527D6 /* AllGroup */ = {
			isa = PBXGroup;
			children = (
				84F9F733223129B7000527D6 /* AllGroupViewController.swift */,
				84F9F73522312A00000527D6 /* AllGroupViewCell.swift */,
			);
			path = AllGroup;
			sourceTree = "<group>";
		};
		84F9F7372231407C000527D6 /* Group */ = {
			isa = PBXGroup;
			children = (
				84F9F72C22311433000527D6 /* GroupViewController.swift */,
				84F9F72E22311CC5000527D6 /* GroupTableViewCell.swift */,
			);
			path = Group;
			sourceTree = "<group>";
		};
/* End PBXGroup section */

/* Begin PBXNativeTarget section */
		84F9F6D62229A30C000527D6 /* Weather */ = {
			isa = PBXNativeTarget;
			buildConfigurationList = 84F9F6E92229A30D000527D6 /* Build configuration list for PBXNativeTarget "Weather" */;
			buildPhases = (
				84F9F6D32229A30C000527D6 /* Sources */,
				84F9F6D42229A30C000527D6 /* Frameworks */,
				84F9F6D52229A30C000527D6 /* Resources */,
			);
			buildRules = (
			);
			dependencies = (
			);
			name = Weather;
			productName = Weather;
			productReference = 84F9F6D72229A30C000527D6 /* Weather.app */;
			productType = "com.apple.product-type.application";
		};
/* End PBXNativeTarget section */

/* Begin PBXProject section */
		84F9F6CF2229A30C000527D6 /* Project object */ = {
			isa = PBXProject;
			attributes = {
				LastSwiftUpdateCheck = 1010;
				LastUpgradeCheck = 1010;
				ORGANIZATIONNAME = admin;
				TargetAttributes = {
					84F9F6D62229A30C000527D6 = {
						CreatedOnToolsVersion = 10.1;
					};
				};
			};
			buildConfigurationList = 84F9F6D22229A30C000527D6 /* Build configuration list for PBXProject "Weather" */;
			compatibilityVersion = "Xcode 9.3";
			developmentRegion = en;
			hasScannedForEncodings = 0;
			knownRegions = (
				en,
				Base,
			);
			mainGroup = 84F9F6CE2229A30C000527D6;
			productRefGroup = 84F9F6D82229A30C000527D6 /* Products */;
			projectDirPath = "";
			projectRoot = "";
			targets = (
				84F9F6D62229A30C000527D6 /* Weather */,
			);
		};
/* End PBXProject section */

/* Begin PBXResourcesBuildPhase section */
		84F9F6D52229A30C000527D6 /* Resources */ = {
			isa = PBXResourcesBuildPhase;
			buildActionMask = 2147483647;
			files = (
				84F9F6E52229A30D000527D6 /* LaunchScreen.storyboard in Resources */,
				84F9F6E22229A30D000527D6 /* Assets.xcassets in Resources */,
				84F9F6E02229A30C000527D6 /* Main.storyboard in Resources */,
			);
			runOnlyForDeploymentPostprocessing = 0;
		};
/* End PBXResourcesBuildPhase section */

/* Begin PBXSourcesBuildPhase section */
		84F9F6D32229A30C000527D6 /* Sources */ = {
			isa = PBXSourcesBuildPhase;
			buildActionMask = 2147483647;
			files = (
				84F9F73622312A00000527D6 /* AllGroupViewCell.swift in Sources */,
				841E4F252232E3020085A486 /* PhotoCollectionViewCell.swift in Sources */,
				84F9F734223129B7000527D6 /* AllGroupViewController.swift in Sources */,
				84F9F72D22311433000527D6 /* GroupViewController.swift in Sources */,
				841E4F1E223275E60085A486 /* FriendViewController.swift in Sources */,
				84F9F6ED2229A326000527D6 /* LoginViewController.swift in Sources */,
				841E4F232232E2C20085A486 /* PhotoViewController.swift in Sources */,
				84F9F6DB2229A30C000527D6 /* AppDelegate.swift in Sources */,
				84F9F72F22311CC5000527D6 /* GroupTableViewCell.swift in Sources */,
				841E4F20223277480085A486 /* FriendTableViewCell.swift in Sources */,
			);
			runOnlyForDeploymentPostprocessing = 0;
		};
/* End PBXSourcesBuildPhase section */

/* Begin PBXVariantGroup section */
		84F9F6DE2229A30C000527D6 /* Main.storyboard */ = {
			isa = PBXVariantGroup;
			children = (
				84F9F6DF2229A30C000527D6 /* Base */,
			);
			name = Main.storyboard;
			sourceTree = "<group>";
		};
		84F9F6E32229A30D000527D6 /* LaunchScreen.storyboard */ = {
			isa = PBXVariantGroup;
			children = (
				84F9F6E42229A30D000527D6 /* Base */,
			);
			name = LaunchScreen.storyboard;
			sourceTree = "<group>";
		};
/* End PBXVariantGroup section */

/* Begin XCBuildConfiguration section */
		84F9F6E72229A30D000527D6 /* Debug */ = {
			isa = XCBuildConfiguration;
			buildSettings = {
				ALWAYS_SEARCH_USER_PATHS = NO;
				CLANG_ANALYZER_NONNULL = YES;
				CLANG_ANALYZER_NUMBER_OBJECT_CONVERSION = YES_AGGRESSIVE;
				CLANG_CXX_LANGUAGE_STANDARD = "gnu++14";
				CLANG_CXX_LIBRARY = "libc++";
				CLANG_ENABLE_MODULES = YES;
				CLANG_ENABLE_OBJC_ARC = YES;
				CLANG_ENABLE_OBJC_WEAK = YES;
				CLANG_WARN_BLOCK_CAPTURE_AUTORELEASING = YES;
				CLANG_WARN_BOOL_CONVERSION = YES;
				CLANG_WARN_COMMA = YES;
				CLANG_WARN_CONSTANT_CONVERSION = YES;
				CLANG_WARN_DEPRECATED_OBJC_IMPLEMENTATIONS = YES;
				CLANG_WARN_DIRECT_OBJC_ISA_USAGE = YES_ERROR;
				CLANG_WARN_DOCUMENTATION_COMMENTS = YES;
				CLANG_WARN_EMPTY_BODY = YES;
				CLANG_WARN_ENUM_CONVERSION = YES;
				CLANG_WARN_INFINITE_RECURSION = YES;
				CLANG_WARN_INT_CONVERSION = YES;
				CLANG_WARN_NON_LITERAL_NULL_CONVERSION = YES;
				CLANG_WARN_OBJC_IMPLICIT_RETAIN_SELF = YES;
				CLANG_WARN_OBJC_LITERAL_CONVERSION = YES;
				CLANG_WARN_OBJC_ROOT_CLASS = YES_ERROR;
				CLANG_WARN_RANGE_LOOP_ANALYSIS = YES;
				CLANG_WARN_STRICT_PROTOTYPES = YES;
				CLANG_WARN_SUSPICIOUS_MOVE = YES;
				CLANG_WARN_UNGUARDED_AVAILABILITY = YES_AGGRESSIVE;
				CLANG_WARN_UNREACHABLE_CODE = YES;
				CLANG_WARN__DUPLICATE_METHOD_MATCH = YES;
				CODE_SIGN_IDENTITY = "iPhone Developer";
				COPY_PHASE_STRIP = NO;
				DEBUG_INFORMATION_FORMAT = dwarf;
				ENABLE_STRICT_OBJC_MSGSEND = YES;
				ENABLE_TESTABILITY = YES;
				GCC_C_LANGUAGE_STANDARD = gnu11;
				GCC_DYNAMIC_NO_PIC = NO;
				GCC_NO_COMMON_BLOCKS = YES;
				GCC_OPTIMIZATION_LEVEL = 0;
				GCC_PREPROCESSOR_DEFINITIONS = (
					"DEBUG=1",
					"$(inherited)",
				);
				GCC_WARN_64_TO_32_BIT_CONVERSION = YES;
				GCC_WARN_ABOUT_RETURN_TYPE = YES_ERROR;
				GCC_WARN_UNDECLARED_SELECTOR = YES;
				GCC_WARN_UNINITIALIZED_AUTOS = YES_AGGRESSIVE;
				GCC_WARN_UNUSED_FUNCTION = YES;
				GCC_WARN_UNUSED_VARIABLE = YES;
				IPHONEOS_DEPLOYMENT_TARGET = 12.1;
				MTL_ENABLE_DEBUG_INFO = INCLUDE_SOURCE;
				MTL_FAST_MATH = YES;
				ONLY_ACTIVE_ARCH = YES;
				SDKROOT = iphoneos;
				SWIFT_ACTIVE_COMPILATION_CONDITIONS = DEBUG;
				SWIFT_OPTIMIZATION_LEVEL = "-Onone";
			};
			name = Debug;
		};
		84F9F6E82229A30D000527D6 /* Release */ = {
			isa = XCBuildConfiguration;
			buildSettings = {
				ALWAYS_SEARCH_USER_PATHS = NO;
				CLANG_ANALYZER_NONNULL = YES;
				CLANG_ANALYZER_NUMBER_OBJECT_CONVERSION = YES_AGGRESSIVE;
				CLANG_CXX_LANGUAGE_STANDARD = "gnu++14";
				CLANG_CXX_LIBRARY = "libc++";
				CLANG_ENABLE_MODULES = YES;
				CLANG_ENABLE_OBJC_ARC = YES;
				CLANG_ENABLE_OBJC_WEAK = YES;
				CLANG_WARN_BLOCK_CAPTURE_AUTORELEASING = YES;
				CLANG_WARN_BOOL_CONVERSION = YES;
				CLANG_WARN_COMMA = YES;
				CLANG_WARN_CONSTANT_CONVERSION = YES;
				CLANG_WARN_DEPRECATED_OBJC_IMPLEMENTATIONS = YES;
				CLANG_WARN_DIRECT_OBJC_ISA_USAGE = YES_ERROR;
				CLANG_WARN_DOCUMENTATION_COMMENTS = YES;
				CLANG_WARN_EMPTY_BODY = YES;
				CLANG_WARN_ENUM_CONVERSION = YES;
				CLANG_WARN_INFINITE_RECURSION = YES;
				CLANG_WARN_INT_CONVERSION = YES;
				CLANG_WARN_NON_LITERAL_NULL_CONVERSION = YES;
				CLANG_WARN_OBJC_IMPLICIT_RETAIN_SELF = YES;
				CLANG_WARN_OBJC_LITERAL_CONVERSION = YES;
				CLANG_WARN_OBJC_ROOT_CLASS = YES_ERROR;
				CLANG_WARN_RANGE_LOOP_ANALYSIS = YES;
				CLANG_WARN_STRICT_PROTOTYPES = YES;
				CLANG_WARN_SUSPICIOUS_MOVE = YES;
				CLANG_WARN_UNGUARDED_AVAILABILITY = YES_AGGRESSIVE;
				CLANG_WARN_UNREACHABLE_CODE = YES;
				CLANG_WARN__DUPLICATE_METHOD_MATCH = YES;
				CODE_SIGN_IDENTITY = "iPhone Developer";
				COPY_PHASE_STRIP = NO;
				DEBUG_INFORMATION_FORMAT = "dwarf-with-dsym";
				ENABLE_NS_ASSERTIONS = NO;
				ENABLE_STRICT_OBJC_MSGSEND = YES;
				GCC_C_LANGUAGE_STANDARD = gnu11;
				GCC_NO_COMMON_BLOCKS = YES;
				GCC_WARN_64_TO_32_BIT_CONVERSION = YES;
				GCC_WARN_ABOUT_RETURN_TYPE = YES_ERROR;
				GCC_WARN_UNDECLARED_SELECTOR = YES;
				GCC_WARN_UNINITIALIZED_AUTOS = YES_AGGRESSIVE;
				GCC_WARN_UNUSED_FUNCTION = YES;
				GCC_WARN_UNUSED_VARIABLE = YES;
				IPHONEOS_DEPLOYMENT_TARGET = 12.1;
				MTL_ENABLE_DEBUG_INFO = NO;
				MTL_FAST_MATH = YES;
				SDKROOT = iphoneos;
				SWIFT_COMPILATION_MODE = wholemodule;
				SWIFT_OPTIMIZATION_LEVEL = "-O";
				VALIDATE_PRODUCT = YES;
			};
			name = Release;
		};
		84F9F6EA2229A30D000527D6 /* Debug */ = {
			isa = XCBuildConfiguration;
			buildSettings = {
				ASSETCATALOG_COMPILER_APPICON_NAME = AppIcon;
				CODE_SIGN_STYLE = Automatic;
				DEVELOPMENT_TEAM = 2PQ8675BM6;
				INFOPLIST_FILE = Weather/Info.plist;
				LD_RUNPATH_SEARCH_PATHS = (
					"$(inherited)",
					"@executable_path/Frameworks",
				);
				PRODUCT_BUNDLE_IDENTIFIER = denis.Weather;
				PRODUCT_NAME = "$(TARGET_NAME)";
				SWIFT_VERSION = 4.2;
				TARGETED_DEVICE_FAMILY = "1,2";
			};
			name = Debug;
		};
		84F9F6EB2229A30D000527D6 /* Release */ = {
			isa = XCBuildConfiguration;
			buildSettings = {
				ASSETCATALOG_COMPILER_APPICON_NAME = AppIcon;
				CODE_SIGN_STYLE = Automatic;
				DEVELOPMENT_TEAM = 2PQ8675BM6;
				INFOPLIST_FILE = Weather/Info.plist;
				LD_RUNPATH_SEARCH_PATHS = (
					"$(inherited)",
					"@executable_path/Frameworks",
				);
				PRODUCT_BUNDLE_IDENTIFIER = denis.Weather;
				PRODUCT_NAME = "$(TARGET_NAME)";
				SWIFT_VERSION = 4.2;
				TARGETED_DEVICE_FAMILY = "1,2";
			};
			name = Release;
		};
/* End XCBuildConfiguration section */

/* Begin XCConfigurationList section */
		84F9F6D22229A30C000527D6 /* Build configuration list for PBXProject "Weather" */ = {
			isa = XCConfigurationList;
			buildConfigurations = (
				84F9F6E72229A30D000527D6 /* Debug */,
				84F9F6E82229A30D000527D6 /* Release */,
			);
			defaultConfigurationIsVisible = 0;
			defaultConfigurationName = Release;
		};
		84F9F6E92229A30D000527D6 /* Build configuration list for PBXNativeTarget "Weather" */ = {
			isa = XCConfigurationList;
			buildConfigurations = (
				84F9F6EA2229A30D000527D6 /* Debug */,
				84F9F6EB2229A30D000527D6 /* Release */,
			);
			defaultConfigurationIsVisible = 0;
			defaultConfigurationName = Release;
		};
/* End XCConfigurationList section */
	};
	rootObject = 84F9F6CF2229A30C000527D6 /* Project object */;
}
